
Microsoft Visual Studio Solution File, Format Version 12.00
# Visual Studio Version 16
VisualStudioVersion = 16.0.30611.23
MinimumVisualStudioVersion = 10.0.40219.1
Project("{FAE04EC0-301F-11D3-BF4B-00C04F79EFBC}") = "Tamba_Razvan_Catalin", "Tamba_Razvan_Catalin\Tamba_Razvan_Catalin.csproj", "{3423F6C1-0141-4D1A-87F8-2EAB54CC59DD}"
EndProject
Global
	GlobalSection(SolutionConfigurationPlatforms) = preSolution
		Debug|Any CPU = Debug|Any CPU
		Release|Any CPU = Release|Any CPU
	EndGlobalSection
	GlobalSection(ProjectConfigurationPlatforms) = postSolution
		{3423F6C1-0141-4D1A-87F8-2EAB54CC59DD}.Debug|Any CPU.ActiveCfg = Debug|Any CPU
		{3423F6C1-0141-4D1A-87F8-2EAB54CC59DD}.Debug|Any CPU.Build.0 = Debug|Any CPU
		{3423F6C1-0141-4D1A-87F8-2EAB54CC59DD}.Release|Any CPU.ActiveCfg = Release|Any CPU
		{3423F6C1-0141-4D1A-87F8-2EAB54CC59DD}.Release|Any CPU.Build.0 = Release|Any CPU
	EndGlobalSection
	GlobalSection(SolutionProperties) = preSolution
		HideSolutionNode = FALSE
	EndGlobalSection
	GlobalSection(ExtensibilityGlobals) = postSolution
		SolutionGuid = {6D3CB728-0CFE-4BF2-8BCF-4756255A6382}
	EndGlobalSection
EndGlobal
